
Microsoft Visual Studio Solution File, Format Version 12.00
# Visual Studio 15
VisualStudioVersion = 15.0.28307.1022
MinimumVisualStudioVersion = 10.0.40219.1
Project("{FAE04EC0-301F-11D3-BF4B-00C04F79EFBC}") = "MessageSerializer", "MessageSerializer\MessageSerializer.csproj", "{9DADB61D-A4A5-4004-B6E6-31D4775F156E}"
EndProject
Project("{FAE04EC0-301F-11D3-BF4B-00C04F79EFBC}") = "MessageSerializerUnitTests", "MessageSerializerUnitTests\MessageSerializerUnitTests.csproj", "{A23E4BC0-9ADB-4DDF-AEC8-60F6AEEF1A6F}"
EndProject
Project("{FAE04EC0-301F-11D3-BF4B-00C04F79EFBC}") = "MessageSerializerClassFileCreator", "MessageSerializerClassFileCreator\MessageSerializerClassFileCreator.csproj", "{49ADD77B-9E61-41CC-9590-ADE25CCC279C}"
EndProject
Project("{2150E333-8FDC-42A3-9474-1A3956D46DE8}") = "Solution Items", "Solution Items", "{59B288C3-8C29-41E5-B823-70E594E5375F}"
	ProjectSection(SolutionItems) = preProject
		SharedAssemblyInfo.cs = SharedAssemblyInfo.cs
	EndProjectSection
EndProject
Global
	GlobalSection(SolutionConfigurationPlatforms) = preSolution
		Debug|Any CPU = Debug|Any CPU
		Debug|Mixed Platforms = Debug|Mixed Platforms
		Debug|x86 = Debug|x86
		Release|Any CPU = Release|Any CPU
		Release|Mixed Platforms = Release|Mixed Platforms
		Release|x86 = Release|x86
	EndGlobalSection
	GlobalSection(ProjectConfigurationPlatforms) = postSolution
		{9DADB61D-A4A5-4004-B6E6-31D4775F156E}.Debug|Any CPU.ActiveCfg = Debug|Any CPU
		{9DADB61D-A4A5-4004-B6E6-31D4775F156E}.Debug|Any CPU.Build.0 = Debug|Any CPU
		{9DADB61D-A4A5-4004-B6E6-31D4775F156E}.Debug|Mixed Platforms.ActiveCfg = Debug|Any CPU
		{9DADB61D-A4A5-4004-B6E6-31D4775F156E}.Debug|Mixed Platforms.Build.0 = Debug|Any CPU
		{9DADB61D-A4A5-4004-B6E6-31D4775F156E}.Debug|x86.ActiveCfg = Debug|Any CPU
		{9DADB61D-A4A5-4004-B6E6-31D4775F156E}.Release|Any CPU.ActiveCfg = Release|Any CPU
		{9DADB61D-A4A5-4004-B6E6-31D4775F156E}.Release|Any CPU.Build.0 = Release|Any CPU
		{9DADB61D-A4A5-4004-B6E6-31D4775F156E}.Release|Mixed Platforms.ActiveCfg = Release|Any CPU
		{9DADB61D-A4A5-4004-B6E6-31D4775F156E}.Release|Mixed Platforms.Build.0 = Release|Any CPU
		{9DADB61D-A4A5-4004-B6E6-31D4775F156E}.Release|x86.ActiveCfg = Release|Any CPU
		{A23E4BC0-9ADB-4DDF-AEC8-60F6AEEF1A6F}.Debug|Any CPU.ActiveCfg = Debug|Any CPU
		{A23E4BC0-9ADB-4DDF-AEC8-60F6AEEF1A6F}.Debug|Any CPU.Build.0 = Debug|Any CPU
		{A23E4BC0-9ADB-4DDF-AEC8-60F6AEEF1A6F}.Debug|Mixed Platforms.ActiveCfg = Debug|Any CPU
		{A23E4BC0-9ADB-4DDF-AEC8-60F6AEEF1A6F}.Debug|Mixed Platforms.Build.0 = Debug|Any CPU
		{A23E4BC0-9ADB-4DDF-AEC8-60F6AEEF1A6F}.Debug|x86.ActiveCfg = Debug|Any CPU
		{A23E4BC0-9ADB-4DDF-AEC8-60F6AEEF1A6F}.Release|Any CPU.ActiveCfg = Release|Any CPU
		{A23E4BC0-9ADB-4DDF-AEC8-60F6AEEF1A6F}.Release|Any CPU.Build.0 = Release|Any CPU
		{A23E4BC0-9ADB-4DDF-AEC8-60F6AEEF1A6F}.Release|Mixed Platforms.ActiveCfg = Release|Any CPU
		{A23E4BC0-9ADB-4DDF-AEC8-60F6AEEF1A6F}.Release|Mixed Platforms.Build.0 = Release|Any CPU
		{A23E4BC0-9ADB-4DDF-AEC8-60F6AEEF1A6F}.Release|x86.ActiveCfg = Release|Any CPU
		{49ADD77B-9E61-41CC-9590-ADE25CCC279C}.Debug|Any CPU.ActiveCfg = Debug|Any CPU
		{49ADD77B-9E61-41CC-9590-ADE25CCC279C}.Debug|Any CPU.Build.0 = Debug|Any CPU
		{49ADD77B-9E61-41CC-9590-ADE25CCC279C}.Debug|Mixed Platforms.ActiveCfg = Debug|Any CPU
		{49ADD77B-9E61-41CC-9590-ADE25CCC279C}.Debug|Mixed Platforms.Build.0 = Debug|Any CPU
		{49ADD77B-9E61-41CC-9590-ADE25CCC279C}.Debug|x86.ActiveCfg = Debug|Any CPU
		{49ADD77B-9E61-41CC-9590-ADE25CCC279C}.Debug|x86.Build.0 = Debug|Any CPU
		{49ADD77B-9E61-41CC-9590-ADE25CCC279C}.Release|Any CPU.ActiveCfg = Release|Any CPU
		{49ADD77B-9E61-41CC-9590-ADE25CCC279C}.Release|Any CPU.Build.0 = Release|Any CPU
		{49ADD77B-9E61-41CC-9590-ADE25CCC279C}.Release|Mixed Platforms.ActiveCfg = Release|Any CPU
		{49ADD77B-9E61-41CC-9590-ADE25CCC279C}.Release|Mixed Platforms.Build.0 = Release|Any CPU
		{49ADD77B-9E61-41CC-9590-ADE25CCC279C}.Release|x86.ActiveCfg = Release|Any CPU
		{49ADD77B-9E61-41CC-9590-ADE25CCC279C}.Release|x86.Build.0 = Release|Any CPU
	EndGlobalSection
	GlobalSection(SolutionProperties) = preSolution
		HideSolutionNode = FALSE
	EndGlobalSection
	GlobalSection(ExtensibilityGlobals) = postSolution
		SolutionGuid = {23991421-C696-4182-8B8D-60021D52C6C4}
	EndGlobalSection
EndGlobal
